
Microsoft Visual Studio Solution File, Format Version 12.00
# Visual Studio Version 17
VisualStudioVersion = 17.10.34916.146
MinimumVisualStudioVersion = 10.0.40219.1
Project("{FAE04EC0-301F-11D3-BF4B-00C04F79EFBC}") = "PokemonAppMaui", "PokemonAppMaui\PokemonAppMaui.csproj", "{3D7314EF-4767-4301-8FB9-179319ECCA57}"
EndProject
Global
	GlobalSection(SolutionConfigurationPlatforms) = preSolution
		Debug|Any CPU = Debug|Any CPU
		Release|Any CPU = Release|Any CPU
	EndGlobalSection
	GlobalSection(ProjectConfigurationPlatforms) = postSolution
		{3D7314EF-4767-4301-8FB9-179319ECCA57}.Debug|Any CPU.ActiveCfg = Debug|Any CPU
		{3D7314EF-4767-4301-8FB9-179319ECCA57}.Debug|Any CPU.Build.0 = Debug|Any CPU
		{3D7314EF-4767-4301-8FB9-179319ECCA57}.Debug|Any CPU.Deploy.0 = Debug|Any CPU
		{3D7314EF-4767-4301-8FB9-179319ECCA57}.Release|Any CPU.ActiveCfg = Release|Any CPU
		{3D7314EF-4767-4301-8FB9-179319ECCA57}.Release|Any CPU.Build.0 = Release|Any CPU
		{3D7314EF-4767-4301-8FB9-179319ECCA57}.Release|Any CPU.Deploy.0 = Release|Any CPU
	EndGlobalSection
	GlobalSection(SolutionProperties) = preSolution
		HideSolutionNode = FALSE
	EndGlobalSection
	GlobalSection(ExtensibilityGlobals) = postSolution
		SolutionGuid = {76B2C535-0196-4419-AF24-BF08FCC80625}
	EndGlobalSection
EndGlobal
